
Microsoft Visual Studio Solution File, Format Version 12.00
# Visual Studio Version 16
VisualStudioVersion = 16.0.29418.71
MinimumVisualStudioVersion = 10.0.40219.1
Project("{FAE04EC0-301F-11D3-BF4B-00C04F79EFBC}") = "TestConsoleApp", "TestConsoleApp\TestConsoleApp.csproj", "{981F50D6-E147-4D48-A690-0CAE51A8747A}"
EndProject
Global
	GlobalSection(SolutionConfigurationPlatforms) = preSolution
		Debug|Any CPU = Debug|Any CPU
		Release|Any CPU = Release|Any CPU
	EndGlobalSection
	GlobalSection(ProjectConfigurationPlatforms) = postSolution
		{981F50D6-E147-4D48-A690-0CAE51A8747A}.Debug|Any CPU.ActiveCfg = Debug|Any CPU
		{981F50D6-E147-4D48-A690-0CAE51A8747A}.Debug|Any CPU.Build.0 = Debug|Any CPU
		{981F50D6-E147-4D48-A690-0CAE51A8747A}.Release|Any CPU.ActiveCfg = Release|Any CPU
		{981F50D6-E147-4D48-A690-0CAE51A8747A}.Release|Any CPU.Build.0 = Release|Any CPU
	EndGlobalSection
	GlobalSection(SolutionProperties) = preSolution
		HideSolutionNode = FALSE
	EndGlobalSection
	GlobalSection(ExtensibilityGlobals) = postSolution
		SolutionGuid = {796F12B8-7D89-4495-BCBA-D5834E626292}
	EndGlobalSection
EndGlobal
